
Microsoft Visual Studio Solution File, Format Version 12.00
# Visual Studio Version 17
VisualStudioVersion = 17.8.34330.188
MinimumVisualStudioVersion = 10.0.40219.1
Project("{8BC9CEB8-8B4A-11D0-8D11-00A0C91BC942}") = "Banco", "Banco.vcxproj", "{5F908DFF-6EB2-4511-B1E1-8D46D64390DC}"
EndProject
Global
	GlobalSection(SolutionConfigurationPlatforms) = preSolution
		Debug|x64 = Debug|x64
		Debug|x86 = Debug|x86
		Release|x64 = Release|x64
		Release|x86 = Release|x86
	EndGlobalSection
	GlobalSection(ProjectConfigurationPlatforms) = postSolution
		{5F908DFF-6EB2-4511-B1E1-8D46D64390DC}.Debug|x64.ActiveCfg = Debug|x64
		{5F908DFF-6EB2-4511-B1E1-8D46D64390DC}.Debug|x64.Build.0 = Debug|x64
		{5F908DFF-6EB2-4511-B1E1-8D46D64390DC}.Debug|x86.ActiveCfg = Debug|Win32
		{5F908DFF-6EB2-4511-B1E1-8D46D64390DC}.Debug|x86.Build.0 = Debug|Win32
		{5F908DFF-6EB2-4511-B1E1-8D46D64390DC}.Release|x64.ActiveCfg = Release|x64
		{5F908DFF-6EB2-4511-B1E1-8D46D64390DC}.Release|x64.Build.0 = Release|x64
		{5F908DFF-6EB2-4511-B1E1-8D46D64390DC}.Release|x86.ActiveCfg = Release|Win32
		{5F908DFF-6EB2-4511-B1E1-8D46D64390DC}.Release|x86.Build.0 = Release|Win32
	EndGlobalSection
	GlobalSection(SolutionProperties) = preSolution
		HideSolutionNode = FALSE
	EndGlobalSection
	GlobalSection(ExtensibilityGlobals) = postSolution
		SolutionGuid = {DC33E7FC-80A3-48FE-BFB7-0B4B54413F22}
	EndGlobalSection
EndGlobal
